
Microsoft Visual Studio Solution File, Format Version 12.00
# Visual Studio Version 17
VisualStudioVersion = 17.6.33829.357
MinimumVisualStudioVersion = 10.0.40219.1
Project("{2150E333-8FDC-42A3-9474-1A3956D46DE8}") = "PublicApp", "PublicApp", "{2E87A602-B16F-4566-8EF4-9DF3F953072B}"
EndProject
Project("{2150E333-8FDC-42A3-9474-1A3956D46DE8}") = "ProtectedApp", "ProtectedApp", "{2A98C392-4B39-4F99-9D86-B7AB2531E0A9}"
EndProject
Project("{9A19103F-16F7-4668-BE54-9A1E7A4F7556}") = "ProtectedApi", "ProtectedApi\ProtectedApi.csproj", "{73DC9816-3590-4B94-80A2-8DBC17D6B361}"
EndProject
Project("{9A19103F-16F7-4668-BE54-9A1E7A4F7556}") = "PublicApi", "PublicApi\PublicApi.csproj", "{8BC37097-7AAA-46D0-B66D-B5CD77982654}"
EndProject
Project("{9A19103F-16F7-4668-BE54-9A1E7A4F7556}") = "PublicApp", "PublicApp\PublicApp.csproj", "{7D8B0A05-82DE-47F9-9380-01735306B688}"
EndProject
Project("{9A19103F-16F7-4668-BE54-9A1E7A4F7556}") = "ProtectApp.Core", "ProtectApp.Core\ProtectApp.Core.csproj", "{A9347DD3-CCB6-4213-BE99-19E0DF161794}"
EndProject
Project("{FAE04EC0-301F-11D3-BF4B-00C04F79EFBC}") = "PublicAPI.Core", "PublicAPI.Core\PublicAPI.Core.csproj", "{65F02BD9-0711-4881-A7BA-8AC60B3FA93E}"
EndProject
Global
	GlobalSection(SolutionConfigurationPlatforms) = preSolution
		Debug|Any CPU = Debug|Any CPU
		Release|Any CPU = Release|Any CPU
	EndGlobalSection
	GlobalSection(ProjectConfigurationPlatforms) = postSolution
		{73DC9816-3590-4B94-80A2-8DBC17D6B361}.Debug|Any CPU.ActiveCfg = Debug|Any CPU
		{73DC9816-3590-4B94-80A2-8DBC17D6B361}.Debug|Any CPU.Build.0 = Debug|Any CPU
		{73DC9816-3590-4B94-80A2-8DBC17D6B361}.Release|Any CPU.ActiveCfg = Release|Any CPU
		{73DC9816-3590-4B94-80A2-8DBC17D6B361}.Release|Any CPU.Build.0 = Release|Any CPU
		{8BC37097-7AAA-46D0-B66D-B5CD77982654}.Debug|Any CPU.ActiveCfg = Debug|Any CPU
		{8BC37097-7AAA-46D0-B66D-B5CD77982654}.Debug|Any CPU.Build.0 = Debug|Any CPU
		{8BC37097-7AAA-46D0-B66D-B5CD77982654}.Release|Any CPU.ActiveCfg = Release|Any CPU
		{8BC37097-7AAA-46D0-B66D-B5CD77982654}.Release|Any CPU.Build.0 = Release|Any CPU
		{7D8B0A05-82DE-47F9-9380-01735306B688}.Debug|Any CPU.ActiveCfg = Debug|Any CPU
		{7D8B0A05-82DE-47F9-9380-01735306B688}.Debug|Any CPU.Build.0 = Debug|Any CPU
		{7D8B0A05-82DE-47F9-9380-01735306B688}.Release|Any CPU.ActiveCfg = Release|Any CPU
		{7D8B0A05-82DE-47F9-9380-01735306B688}.Release|Any CPU.Build.0 = Release|Any CPU
		{A9347DD3-CCB6-4213-BE99-19E0DF161794}.Debug|Any CPU.ActiveCfg = Debug|Any CPU
		{A9347DD3-CCB6-4213-BE99-19E0DF161794}.Debug|Any CPU.Build.0 = Debug|Any CPU
		{A9347DD3-CCB6-4213-BE99-19E0DF161794}.Release|Any CPU.ActiveCfg = Release|Any CPU
		{A9347DD3-CCB6-4213-BE99-19E0DF161794}.Release|Any CPU.Build.0 = Release|Any CPU
		{65F02BD9-0711-4881-A7BA-8AC60B3FA93E}.Debug|Any CPU.ActiveCfg = Debug|Any CPU
		{65F02BD9-0711-4881-A7BA-8AC60B3FA93E}.Debug|Any CPU.Build.0 = Debug|Any CPU
		{65F02BD9-0711-4881-A7BA-8AC60B3FA93E}.Release|Any CPU.ActiveCfg = Release|Any CPU
		{65F02BD9-0711-4881-A7BA-8AC60B3FA93E}.Release|Any CPU.Build.0 = Release|Any CPU
	EndGlobalSection
	GlobalSection(SolutionProperties) = preSolution
		HideSolutionNode = FALSE
	EndGlobalSection
	GlobalSection(NestedProjects) = preSolution
		{73DC9816-3590-4B94-80A2-8DBC17D6B361} = {2A98C392-4B39-4F99-9D86-B7AB2531E0A9}
		{8BC37097-7AAA-46D0-B66D-B5CD77982654} = {2E87A602-B16F-4566-8EF4-9DF3F953072B}
		{7D8B0A05-82DE-47F9-9380-01735306B688} = {2E87A602-B16F-4566-8EF4-9DF3F953072B}
		{A9347DD3-CCB6-4213-BE99-19E0DF161794} = {2A98C392-4B39-4F99-9D86-B7AB2531E0A9}
		{65F02BD9-0711-4881-A7BA-8AC60B3FA93E} = {2E87A602-B16F-4566-8EF4-9DF3F953072B}
	EndGlobalSection
	GlobalSection(ExtensibilityGlobals) = postSolution
		SolutionGuid = {CE0DEFDC-3386-413E-BF5D-C8C59B053781}
	EndGlobalSection
EndGlobal
